{
  "name": "monorepo-package-prototype",
  "version": "1.0.0",
  "lockfileVersion": 3,
  "requires": true,
  "packages": {
    "": {
      "name": "monorepo-package-prototype",
      "version": "1.0.0",
      "license": "ISC",
      "workspaces": [
        "packages/*"
      ],
      "devDependencies": {}
    },
    "node_modules/@jmaver-plume/multiply": {
      "resolved": "packages/multiply",
      "link": true
    },
    "node_modules/@jmaver-plume/sum": {
      "resolved": "packages/sum",
      "link": true
    },
    "packages/multiply": {
      "name": "@jmaver-plume/multiply",
      "version": "1.0.0",
      "devDependencies": {}
    },
    "packages/sum": {
      "name": "@jmaver-plume/sum",
      "version": "1.0.0"
    }
  }
}
