{
  "name": "monorepo-package-prototype",
  "version": "1.0.0",
  "lockfileVersion": 2,
  "requires": true,
  "packages": {
    "": {
      "name": "monorepo-package-prototype",
      "version": "1.0.0",
      "license": "ISC",
      "workspaces": [
        "multiply",
        "sum"
      ],
      "devDependencies": {}
    },
    "multiply": {
      "name": "@jmaver-plume/multiply",
      "version": "3.0.0",
      "devDependencies": {}
    },
    "node_modules/@jmaver-plume/multiply": {
      "resolved": "multiply",
      "link": true
    },
    "node_modules/@jmaver-plume/sum": {
      "resolved": "sum",
      "link": true
    },
    "sum": {
      "version": "2.4.1"
    }
  },
  "dependencies": {
    "@jmaver-plume/multiply": {
      "version": "file:multiply"
    },
    "@jmaver-plume/sum": {
      "version": "file:sum"
    }
  }
}
